
Microsoft Visual Studio Solution File, Format Version 10.00
# Visual Studio 2008
Project("{FAE04EC0-301F-11D3-BF4B-00C04F79EFBC}") = "ExpertMobileSystem", "ExpertMobileSystem\ExpertMobileSystem.csproj", "{A8E174A6-58D5-4FF5-91CB-FEE25AD860F7}"
	ProjectSection(ProjectDependencies) = postProject
		{816C372E-9E36-4FEB-AAE7-DE3C36551A7A} = {816C372E-9E36-4FEB-AAE7-DE3C36551A7A}
	EndProjectSection
EndProject
Project("{FAE04EC0-301F-11D3-BF4B-00C04F79EFBC}") = "ExpertMobileSystem(Client)", "ExpertMobileSystem(Client)\ExpertMobileSystem(Client).csproj", "{816C372E-9E36-4FEB-AAE7-DE3C36551A7A}"
EndProject
Project("{54435603-DBB4-11D2-8724-00A0C9A8B90C}") = "ExpertMobileSystem-Setup", "ExpertMobileSystem-Setup\ExpertMobileSystem-Setup.vdproj", "{40DA51E8-A252-4A84-948E-057351D09B51}"
EndProject
Project("{FAE04EC0-301F-11D3-BF4B-00C04F79EFBC}") = "ExpertMobileOrderSystem", "ExpertMobileOrderSystem\ExpertMobileOrderSystem.csproj", "{CD678F65-CD59-419C-BA04-0EE7C4483934}"
EndProject
Global
	GlobalSection(SolutionConfigurationPlatforms) = preSolution
		Debug|Any CPU = Debug|Any CPU
		Release|Any CPU = Release|Any CPU
	EndGlobalSection
	GlobalSection(ProjectConfigurationPlatforms) = postSolution
		{A8E174A6-58D5-4FF5-91CB-FEE25AD860F7}.Debug|Any CPU.ActiveCfg = Debug|Any CPU
		{A8E174A6-58D5-4FF5-91CB-FEE25AD860F7}.Debug|Any CPU.Build.0 = Debug|Any CPU
		{A8E174A6-58D5-4FF5-91CB-FEE25AD860F7}.Release|Any CPU.ActiveCfg = Release|Any CPU
		{A8E174A6-58D5-4FF5-91CB-FEE25AD860F7}.Release|Any CPU.Build.0 = Release|Any CPU
		{816C372E-9E36-4FEB-AAE7-DE3C36551A7A}.Debug|Any CPU.ActiveCfg = Debug|Any CPU
		{816C372E-9E36-4FEB-AAE7-DE3C36551A7A}.Debug|Any CPU.Build.0 = Debug|Any CPU
		{816C372E-9E36-4FEB-AAE7-DE3C36551A7A}.Release|Any CPU.ActiveCfg = Release|Any CPU
		{816C372E-9E36-4FEB-AAE7-DE3C36551A7A}.Release|Any CPU.Build.0 = Release|Any CPU
		{40DA51E8-A252-4A84-948E-057351D09B51}.Debug|Any CPU.ActiveCfg = Debug
		{40DA51E8-A252-4A84-948E-057351D09B51}.Release|Any CPU.ActiveCfg = Release
		{CD678F65-CD59-419C-BA04-0EE7C4483934}.Debug|Any CPU.ActiveCfg = Debug|Any CPU
		{CD678F65-CD59-419C-BA04-0EE7C4483934}.Debug|Any CPU.Build.0 = Debug|Any CPU
		{CD678F65-CD59-419C-BA04-0EE7C4483934}.Release|Any CPU.ActiveCfg = Release|Any CPU
		{CD678F65-CD59-419C-BA04-0EE7C4483934}.Release|Any CPU.Build.0 = Release|Any CPU
	EndGlobalSection
	GlobalSection(SolutionProperties) = preSolution
		HideSolutionNode = FALSE
	EndGlobalSection
EndGlobal
